
Microsoft Visual Studio Solution File, Format Version 12.00
# Visual Studio Version 17
VisualStudioVersion = 17.3.32825.248
MinimumVisualStudioVersion = 10.0.40219.1
Project("{FAE04EC0-301F-11D3-BF4B-00C04F79EFBC}") = "Labb3-Polymorphism", "Labb3-Polymorphism\Labb3-Polymorphism.csproj", "{0F467AD0-5711-4B43-831D-91AE799DEF10}"
EndProject
Global
	GlobalSection(SolutionConfigurationPlatforms) = preSolution
		Debug|Any CPU = Debug|Any CPU
		Release|Any CPU = Release|Any CPU
	EndGlobalSection
	GlobalSection(ProjectConfigurationPlatforms) = postSolution
		{0F467AD0-5711-4B43-831D-91AE799DEF10}.Debug|Any CPU.ActiveCfg = Debug|Any CPU
		{0F467AD0-5711-4B43-831D-91AE799DEF10}.Debug|Any CPU.Build.0 = Debug|Any CPU
		{0F467AD0-5711-4B43-831D-91AE799DEF10}.Release|Any CPU.ActiveCfg = Release|Any CPU
		{0F467AD0-5711-4B43-831D-91AE799DEF10}.Release|Any CPU.Build.0 = Release|Any CPU
	EndGlobalSection
	GlobalSection(SolutionProperties) = preSolution
		HideSolutionNode = FALSE
	EndGlobalSection
	GlobalSection(ExtensibilityGlobals) = postSolution
		SolutionGuid = {C99C32F5-2818-4BDC-946B-E3DD4C2CC239}
	EndGlobalSection
EndGlobal
